
Microsoft Visual Studio Solution File, Format Version 12.00
# Visual Studio Version 17
VisualStudioVersion = 17.0.31903.59
MinimumVisualStudioVersion = 10.0.40219.1
Project("{2150E333-8FDC-42A3-9474-1A3956D46DE8}") = "src", "src", "{827E0CD3-B72D-47B6-A68D-7590B98EB39B}"
EndProject
Project("{FAE04EC0-301F-11D3-BF4B-00C04F79EFBC}") = "Shorekeeper.Core", "src\Shorekeeper.Core\Shorekeeper.Core.csproj", "{EF0A15CB-7661-432D-A13A-C34B52B40B14}"
EndProject
Project("{FAE04EC0-301F-11D3-BF4B-00C04F79EFBC}") = "Shorekeeper.Engine", "src\Shorekeeper.Engine\Shorekeeper.Engine.csproj", "{F3FB426E-35BE-41D1-AFA8-65E382946BE3}"
EndProject
Project("{FAE04EC0-301F-11D3-BF4B-00C04F79EFBC}") = "Shorekeeper.Platform.Windows", "src\Shorekeeper.Platform.Windows\Shorekeeper.Platform.Windows.csproj", "{41DF9593-7ADC-4E10-96EE-BA801F7A0FBE}"
EndProject
Project("{FAE04EC0-301F-11D3-BF4B-00C04F79EFBC}") = "Shorekeeper.Desktop", "src\Shorekeeper.Desktop\Shorekeeper.Desktop.csproj", "{EB64048C-B661-453A-841B-70F1420AC6FB}"
EndProject
Project("{2150E333-8FDC-42A3-9474-1A3956D46DE8}") = "tests", "tests", "{0AB3BF05-4346-4AA6-1389-037BE0695223}"
EndProject
Project("{FAE04EC0-301F-11D3-BF4B-00C04F79EFBC}") = "Shorekeeper.Core.Tests", "tests\Shorekeeper.Core.Tests\Shorekeeper.Core.Tests.csproj", "{94F23ECF-E3D2-4C2F-A5C3-1ECA377B593E}"
EndProject
Project("{FAE04EC0-301F-11D3-BF4B-00C04F79EFBC}") = "Shorekeeper.Engine.Tests", "tests\Shorekeeper.Engine.Tests\Shorekeeper.Engine.Tests.csproj", "{445CCBB4-3D26-4FFB-B894-9B3C8BB85890}"
EndProject
Project("{FAE04EC0-301F-11D3-BF4B-00C04F79EFBC}") = "Shorekeeper.Platform.Windows.Tests", "tests\Shorekeeper.Platform.Windows.Tests\Shorekeeper.Platform.Windows.Tests.csproj", "{99F06D8D-2E6B-42EF-B4A5-CAE0152C4243}"
EndProject
Global
	GlobalSection(SolutionConfigurationPlatforms) = preSolution
		Debug|Any CPU = Debug|Any CPU
		Debug|x64 = Debug|x64
		Debug|x86 = Debug|x86
		Release|Any CPU = Release|Any CPU
		Release|x64 = Release|x64
		Release|x86 = Release|x86
	EndGlobalSection
	GlobalSection(ProjectConfigurationPlatforms) = postSolution
		{EF0A15CB-7661-432D-A13A-C34B52B40B14}.Debug|Any CPU.ActiveCfg = Debug|Any CPU
		{EF0A15CB-7661-432D-A13A-C34B52B40B14}.Debug|Any CPU.Build.0 = Debug|Any CPU
		{EF0A15CB-7661-432D-A13A-C34B52B40B14}.Debug|x64.ActiveCfg = Debug|Any CPU
		{EF0A15CB-7661-432D-A13A-C34B52B40B14}.Debug|x64.Build.0 = Debug|Any CPU
		{EF0A15CB-7661-432D-A13A-C34B52B40B14}.Debug|x86.ActiveCfg = Debug|Any CPU
		{EF0A15CB-7661-432D-A13A-C34B52B40B14}.Debug|x86.Build.0 = Debug|Any CPU
		{EF0A15CB-7661-432D-A13A-C34B52B40B14}.Release|Any CPU.ActiveCfg = Release|Any CPU
		{EF0A15CB-7661-432D-A13A-C34B52B40B14}.Release|Any CPU.Build.0 = Release|Any CPU
		{EF0A15CB-7661-432D-A13A-C34B52B40B14}.Release|x64.ActiveCfg = Release|Any CPU
		{EF0A15CB-7661-432D-A13A-C34B52B40B14}.Release|x64.Build.0 = Release|Any CPU
		{EF0A15CB-7661-432D-A13A-C34B52B40B14}.Release|x86.ActiveCfg = Release|Any CPU
		{EF0A15CB-7661-432D-A13A-C34B52B40B14}.Release|x86.Build.0 = Release|Any CPU
		{F3FB426E-35BE-41D1-AFA8-65E382946BE3}.Debug|Any CPU.ActiveCfg = Debug|Any CPU
		{F3FB426E-35BE-41D1-AFA8-65E382946BE3}.Debug|Any CPU.Build.0 = Debug|Any CPU
		{F3FB426E-35BE-41D1-AFA8-65E382946BE3}.Debug|x64.ActiveCfg = Debug|Any CPU
		{F3FB426E-35BE-41D1-AFA8-65E382946BE3}.Debug|x64.Build.0 = Debug|Any CPU
		{F3FB426E-35BE-41D1-AFA8-65E382946BE3}.Debug|x86.ActiveCfg = Debug|Any CPU
		{F3FB426E-35BE-41D1-AFA8-65E382946BE3}.Debug|x86.Build.0 = Debug|Any CPU
		{F3FB426E-35BE-41D1-AFA8-65E382946BE3}.Release|Any CPU.ActiveCfg = Release|Any CPU
		{F3FB426E-35BE-41D1-AFA8-65E382946BE3}.Release|Any CPU.Build.0 = Release|Any CPU
		{F3FB426E-35BE-41D1-AFA8-65E382946BE3}.Release|x64.ActiveCfg = Release|Any CPU
		{F3FB426E-35BE-41D1-AFA8-65E382946BE3}.Release|x64.Build.0 = Release|Any CPU
		{F3FB426E-35BE-41D1-AFA8-65E382946BE3}.Release|x86.ActiveCfg = Release|Any CPU
		{F3FB426E-35BE-41D1-AFA8-65E382946BE3}.Release|x86.Build.0 = Release|Any CPU
		{41DF9593-7ADC-4E10-96EE-BA801F7A0FBE}.Debug|Any CPU.ActiveCfg = Debug|Any CPU
		{41DF9593-7ADC-4E10-96EE-BA801F7A0FBE}.Debug|Any CPU.Build.0 = Debug|Any CPU
		{41DF9593-7ADC-4E10-96EE-BA801F7A0FBE}.Debug|x64.ActiveCfg = Debug|Any CPU
		{41DF9593-7ADC-4E10-96EE-BA801F7A0FBE}.Debug|x64.Build.0 = Debug|Any CPU
		{41DF9593-7ADC-4E10-96EE-BA801F7A0FBE}.Debug|x86.ActiveCfg = Debug|Any CPU
		{41DF9593-7ADC-4E10-96EE-BA801F7A0FBE}.Debug|x86.Build.0 = Debug|Any CPU
		{41DF9593-7ADC-4E10-96EE-BA801F7A0FBE}.Release|Any CPU.ActiveCfg = Release|Any CPU
		{41DF9593-7ADC-4E10-96EE-BA801F7A0FBE}.Release|Any CPU.Build.0 = Release|Any CPU
		{41DF9593-7ADC-4E10-96EE-BA801F7A0FBE}.Release|x64.ActiveCfg = Release|Any CPU
		{41DF9593-7ADC-4E10-96EE-BA801F7A0FBE}.Release|x64.Build.0 = Release|Any CPU
		{41DF9593-7ADC-4E10-96EE-BA801F7A0FBE}.Release|x86.ActiveCfg = Release|Any CPU
		{41DF9593-7ADC-4E10-96EE-BA801F7A0FBE}.Release|x86.Build.0 = Release|Any CPU
		{EB64048C-B661-453A-841B-70F1420AC6FB}.Debug|Any CPU.ActiveCfg = Debug|Any CPU
		{EB64048C-B661-453A-841B-70F1420AC6FB}.Debug|Any CPU.Build.0 = Debug|Any CPU
		{EB64048C-B661-453A-841B-70F1420AC6FB}.Debug|x64.ActiveCfg = Debug|Any CPU
		{EB64048C-B661-453A-841B-70F1420AC6FB}.Debug|x64.Build.0 = Debug|Any CPU
		{EB64048C-B661-453A-841B-70F1420AC6FB}.Debug|x86.ActiveCfg = Debug|Any CPU
		{EB64048C-B661-453A-841B-70F1420AC6FB}.Debug|x86.Build.0 = Debug|Any CPU
		{EB64048C-B661-453A-841B-70F1420AC6FB}.Release|Any CPU.ActiveCfg = Release|Any CPU
		{EB64048C-B661-453A-841B-70F1420AC6FB}.Release|Any CPU.Build.0 = Release|Any CPU
		{EB64048C-B661-453A-841B-70F1420AC6FB}.Release|x64.ActiveCfg = Release|Any CPU
		{EB64048C-B661-453A-841B-70F1420AC6FB}.Release|x64.Build.0 = Release|Any CPU
		{EB64048C-B661-453A-841B-70F1420AC6FB}.Release|x86.ActiveCfg = Release|Any CPU
		{EB64048C-B661-453A-841B-70F1420AC6FB}.Release|x86.Build.0 = Release|Any CPU
		{94F23ECF-E3D2-4C2F-A5C3-1ECA377B593E}.Debug|Any CPU.ActiveCfg = Debug|Any CPU
		{94F23ECF-E3D2-4C2F-A5C3-1ECA377B593E}.Debug|Any CPU.Build.0 = Debug|Any CPU
		{94F23ECF-E3D2-4C2F-A5C3-1ECA377B593E}.Debug|x64.ActiveCfg = Debug|Any CPU
		{94F23ECF-E3D2-4C2F-A5C3-1ECA377B593E}.Debug|x64.Build.0 = Debug|Any CPU
		{94F23ECF-E3D2-4C2F-A5C3-1ECA377B593E}.Debug|x86.ActiveCfg = Debug|Any CPU
		{94F23ECF-E3D2-4C2F-A5C3-1ECA377B593E}.Debug|x86.Build.0 = Debug|Any CPU
		{94F23ECF-E3D2-4C2F-A5C3-1ECA377B593E}.Release|Any CPU.ActiveCfg = Release|Any CPU
		{94F23ECF-E3D2-4C2F-A5C3-1ECA377B593E}.Release|Any CPU.Build.0 = Release|Any CPU
		{94F23ECF-E3D2-4C2F-A5C3-1ECA377B593E}.Release|x64.ActiveCfg = Release|Any CPU
		{94F23ECF-E3D2-4C2F-A5C3-1ECA377B593E}.Release|x64.Build.0 = Release|Any CPU
		{94F23ECF-E3D2-4C2F-A5C3-1ECA377B593E}.Release|x86.ActiveCfg = Release|Any CPU
		{94F23ECF-E3D2-4C2F-A5C3-1ECA377B593E}.Release|x86.Build.0 = Release|Any CPU
		{445CCBB4-3D26-4FFB-B894-9B3C8BB85890}.Debug|Any CPU.ActiveCfg = Debug|Any CPU
		{445CCBB4-3D26-4FFB-B894-9B3C8BB85890}.Debug|Any CPU.Build.0 = Debug|Any CPU
		{445CCBB4-3D26-4FFB-B894-9B3C8BB85890}.Debug|x64.ActiveCfg = Debug|Any CPU
		{445CCBB4-3D26-4FFB-B894-9B3C8BB85890}.Debug|x64.Build.0 = Debug|Any CPU
		{445CCBB4-3D26-4FFB-B894-9B3C8BB85890}.Debug|x86.ActiveCfg = Debug|Any CPU
		{445CCBB4-3D26-4FFB-B894-9B3C8BB85890}.Debug|x86.Build.0 = Debug|Any CPU
		{445CCBB4-3D26-4FFB-B894-9B3C8BB85890}.Release|Any CPU.ActiveCfg = Release|Any CPU
		{445CCBB4-3D26-4FFB-B894-9B3C8BB85890}.Release|Any CPU.Build.0 = Release|Any CPU
		{445CCBB4-3D26-4FFB-B894-9B3C8BB85890}.Release|x64.ActiveCfg = Release|Any CPU
		{445CCBB4-3D26-4FFB-B894-9B3C8BB85890}.Release|x64.Build.0 = Release|Any CPU
		{445CCBB4-3D26-4FFB-B894-9B3C8BB85890}.Release|x86.ActiveCfg = Release|Any CPU
		{445CCBB4-3D26-4FFB-B894-9B3C8BB85890}.Release|x86.Build.0 = Release|Any CPU
		{99F06D8D-2E6B-42EF-B4A5-CAE0152C4243}.Debug|Any CPU.ActiveCfg = Debug|Any CPU
		{99F06D8D-2E6B-42EF-B4A5-CAE0152C4243}.Debug|Any CPU.Build.0 = Debug|Any CPU
		{99F06D8D-2E6B-42EF-B4A5-CAE0152C4243}.Debug|x64.ActiveCfg = Debug|Any CPU
		{99F06D8D-2E6B-42EF-B4A5-CAE0152C4243}.Debug|x64.Build.0 = Debug|Any CPU
		{99F06D8D-2E6B-42EF-B4A5-CAE0152C4243}.Debug|x86.ActiveCfg = Debug|Any CPU
		{99F06D8D-2E6B-42EF-B4A5-CAE0152C4243}.Debug|x86.Build.0 = Debug|Any CPU
		{99F06D8D-2E6B-42EF-B4A5-CAE0152C4243}.Release|Any CPU.ActiveCfg = Release|Any CPU
		{99F06D8D-2E6B-42EF-B4A5-CAE0152C4243}.Release|Any CPU.Build.0 = Release|Any CPU
		{99F06D8D-2E6B-42EF-B4A5-CAE0152C4243}.Release|x64.ActiveCfg = Release|Any CPU
		{99F06D8D-2E6B-42EF-B4A5-CAE0152C4243}.Release|x64.Build.0 = Release|Any CPU
		{99F06D8D-2E6B-42EF-B4A5-CAE0152C4243}.Release|x86.ActiveCfg = Release|Any CPU
		{99F06D8D-2E6B-42EF-B4A5-CAE0152C4243}.Release|x86.Build.0 = Release|Any CPU
	EndGlobalSection
	GlobalSection(SolutionProperties) = preSolution
		HideSolutionNode = FALSE
	EndGlobalSection
	GlobalSection(NestedProjects) = preSolution
		{EF0A15CB-7661-432D-A13A-C34B52B40B14} = {827E0CD3-B72D-47B6-A68D-7590B98EB39B}
		{F3FB426E-35BE-41D1-AFA8-65E382946BE3} = {827E0CD3-B72D-47B6-A68D-7590B98EB39B}
		{41DF9593-7ADC-4E10-96EE-BA801F7A0FBE} = {827E0CD3-B72D-47B6-A68D-7590B98EB39B}
		{EB64048C-B661-453A-841B-70F1420AC6FB} = {827E0CD3-B72D-47B6-A68D-7590B98EB39B}
		{94F23ECF-E3D2-4C2F-A5C3-1ECA377B593E} = {0AB3BF05-4346-4AA6-1389-037BE0695223}
		{445CCBB4-3D26-4FFB-B894-9B3C8BB85890} = {0AB3BF05-4346-4AA6-1389-037BE0695223}
		{99F06D8D-2E6B-42EF-B4A5-CAE0152C4243} = {0AB3BF05-4346-4AA6-1389-037BE0695223}
	EndGlobalSection
EndGlobal
